
Microsoft Visual Studio Solution File, Format Version 12.00
# Visual Studio Version 16
VisualStudioVersion = 16.0.31702.278
MinimumVisualStudioVersion = 10.0.40219.1
Project("{FAE04EC0-301F-11D3-BF4B-00C04F79EFBC}") = "AssociationHasARelation", "AssociationHasARelation\AssociationHasARelation.csproj", "{B3259231-C7FB-4971-AEE3-703BEB6B4198}"
EndProject
Global
	GlobalSection(SolutionConfigurationPlatforms) = preSolution
		Debug|Any CPU = Debug|Any CPU
		Release|Any CPU = Release|Any CPU
	EndGlobalSection
	GlobalSection(ProjectConfigurationPlatforms) = postSolution
		{B3259231-C7FB-4971-AEE3-703BEB6B4198}.Debug|Any CPU.ActiveCfg = Debug|Any CPU
		{B3259231-C7FB-4971-AEE3-703BEB6B4198}.Debug|Any CPU.Build.0 = Debug|Any CPU
		{B3259231-C7FB-4971-AEE3-703BEB6B4198}.Release|Any CPU.ActiveCfg = Release|Any CPU
		{B3259231-C7FB-4971-AEE3-703BEB6B4198}.Release|Any CPU.Build.0 = Release|Any CPU
	EndGlobalSection
	GlobalSection(SolutionProperties) = preSolution
		HideSolutionNode = FALSE
	EndGlobalSection
	GlobalSection(ExtensibilityGlobals) = postSolution
		SolutionGuid = {380D3929-510C-4E0C-97AA-C21AC7FAF4B7}
	EndGlobalSection
EndGlobal
