
Microsoft Visual Studio Solution File, Format Version 12.00
# Visual Studio Version 16
VisualStudioVersion = 16.0.31702.278
MinimumVisualStudioVersion = 10.0.40219.1
Project("{FAE04EC0-301F-11D3-BF4B-00C04F79EFBC}") = "ConsoleApp11", "ConsoleApp11\ConsoleApp11.csproj", "{14EDFF77-BAC9-4BDB-AB34-C0CABF38EDB3}"
EndProject
Global
	GlobalSection(SolutionConfigurationPlatforms) = preSolution
		Debug|Any CPU = Debug|Any CPU
		Release|Any CPU = Release|Any CPU
	EndGlobalSection
	GlobalSection(ProjectConfigurationPlatforms) = postSolution
		{14EDFF77-BAC9-4BDB-AB34-C0CABF38EDB3}.Debug|Any CPU.ActiveCfg = Debug|Any CPU
		{14EDFF77-BAC9-4BDB-AB34-C0CABF38EDB3}.Debug|Any CPU.Build.0 = Debug|Any CPU
		{14EDFF77-BAC9-4BDB-AB34-C0CABF38EDB3}.Release|Any CPU.ActiveCfg = Release|Any CPU
		{14EDFF77-BAC9-4BDB-AB34-C0CABF38EDB3}.Release|Any CPU.Build.0 = Release|Any CPU
	EndGlobalSection
	GlobalSection(SolutionProperties) = preSolution
		HideSolutionNode = FALSE
	EndGlobalSection
	GlobalSection(ExtensibilityGlobals) = postSolution
		SolutionGuid = {8811E9AD-2B12-4FDC-8AA4-7030116775AA}
	EndGlobalSection
EndGlobal
