
Microsoft Visual Studio Solution File, Format Version 12.00
# Visual Studio Version 16
VisualStudioVersion = 16.0.31702.278
MinimumVisualStudioVersion = 10.0.40219.1
Project("{FAE04EC0-301F-11D3-BF4B-00C04F79EFBC}") = "ConsoleApp9", "ConsoleApp9\ConsoleApp9.csproj", "{EB7591C9-38C7-48CB-AA68-C279E41C9FC1}"
EndProject
Project("{FAE04EC0-301F-11D3-BF4B-00C04F79EFBC}") = "MyLibrary", "MyLibrary\MyLibrary.csproj", "{14060431-1BF4-45DB-9416-40FC3442A160}"
EndProject
Global
	GlobalSection(SolutionConfigurationPlatforms) = preSolution
		Debug|Any CPU = Debug|Any CPU
		Release|Any CPU = Release|Any CPU
	EndGlobalSection
	GlobalSection(ProjectConfigurationPlatforms) = postSolution
		{EB7591C9-38C7-48CB-AA68-C279E41C9FC1}.Debug|Any CPU.ActiveCfg = Debug|Any CPU
		{EB7591C9-38C7-48CB-AA68-C279E41C9FC1}.Debug|Any CPU.Build.0 = Debug|Any CPU
		{EB7591C9-38C7-48CB-AA68-C279E41C9FC1}.Release|Any CPU.ActiveCfg = Release|Any CPU
		{EB7591C9-38C7-48CB-AA68-C279E41C9FC1}.Release|Any CPU.Build.0 = Release|Any CPU
		{14060431-1BF4-45DB-9416-40FC3442A160}.Debug|Any CPU.ActiveCfg = Debug|Any CPU
		{14060431-1BF4-45DB-9416-40FC3442A160}.Debug|Any CPU.Build.0 = Debug|Any CPU
		{14060431-1BF4-45DB-9416-40FC3442A160}.Release|Any CPU.ActiveCfg = Release|Any CPU
		{14060431-1BF4-45DB-9416-40FC3442A160}.Release|Any CPU.Build.0 = Release|Any CPU
	EndGlobalSection
	GlobalSection(SolutionProperties) = preSolution
		HideSolutionNode = FALSE
	EndGlobalSection
	GlobalSection(ExtensibilityGlobals) = postSolution
		SolutionGuid = {0417000C-E6BA-4A60-ACD7-3B043FF34A8C}
	EndGlobalSection
EndGlobal
