
Microsoft Visual Studio Solution File, Format Version 12.00
# Visual Studio Version 16
VisualStudioVersion = 16.0.31702.278
MinimumVisualStudioVersion = 10.0.40219.1
Project("{FAE04EC0-301F-11D3-BF4B-00C04F79EFBC}") = "FootballTeamManagement", "FootballTeamManagement\FootballTeamManagement.csproj", "{3797B9DB-2DAB-4C19-9691-863CA438C514}"
EndProject
Global
	GlobalSection(SolutionConfigurationPlatforms) = preSolution
		Debug|Any CPU = Debug|Any CPU
		Release|Any CPU = Release|Any CPU
	EndGlobalSection
	GlobalSection(ProjectConfigurationPlatforms) = postSolution
		{3797B9DB-2DAB-4C19-9691-863CA438C514}.Debug|Any CPU.ActiveCfg = Debug|Any CPU
		{3797B9DB-2DAB-4C19-9691-863CA438C514}.Debug|Any CPU.Build.0 = Debug|Any CPU
		{3797B9DB-2DAB-4C19-9691-863CA438C514}.Release|Any CPU.ActiveCfg = Release|Any CPU
		{3797B9DB-2DAB-4C19-9691-863CA438C514}.Release|Any CPU.Build.0 = Release|Any CPU
	EndGlobalSection
	GlobalSection(SolutionProperties) = preSolution
		HideSolutionNode = FALSE
	EndGlobalSection
	GlobalSection(ExtensibilityGlobals) = postSolution
		SolutionGuid = {7D92652B-068C-4347-B8FB-AF0F6FD3BC7C}
	EndGlobalSection
EndGlobal
