
Microsoft Visual Studio Solution File, Format Version 12.00
# Visual Studio Version 16
VisualStudioVersion = 16.0.31702.278
MinimumVisualStudioVersion = 10.0.40219.1
Project("{FAE04EC0-301F-11D3-BF4B-00C04F79EFBC}") = "AccessModifiers", "AccessModifiers\AccessModifiers.csproj", "{A8BBEDA1-6024-4912-A4B1-A29584C982A0}"
EndProject
Project("{FAE04EC0-301F-11D3-BF4B-00C04F79EFBC}") = "MyLibrary", "MyLibrary\MyLibrary.csproj", "{A8813762-8999-481C-AD71-C7906C1CE93E}"
EndProject
Global
	GlobalSection(SolutionConfigurationPlatforms) = preSolution
		Debug|Any CPU = Debug|Any CPU
		Release|Any CPU = Release|Any CPU
	EndGlobalSection
	GlobalSection(ProjectConfigurationPlatforms) = postSolution
		{A8BBEDA1-6024-4912-A4B1-A29584C982A0}.Debug|Any CPU.ActiveCfg = Debug|Any CPU
		{A8BBEDA1-6024-4912-A4B1-A29584C982A0}.Debug|Any CPU.Build.0 = Debug|Any CPU
		{A8BBEDA1-6024-4912-A4B1-A29584C982A0}.Release|Any CPU.ActiveCfg = Release|Any CPU
		{A8BBEDA1-6024-4912-A4B1-A29584C982A0}.Release|Any CPU.Build.0 = Release|Any CPU
		{A8813762-8999-481C-AD71-C7906C1CE93E}.Debug|Any CPU.ActiveCfg = Debug|Any CPU
		{A8813762-8999-481C-AD71-C7906C1CE93E}.Debug|Any CPU.Build.0 = Debug|Any CPU
		{A8813762-8999-481C-AD71-C7906C1CE93E}.Release|Any CPU.ActiveCfg = Release|Any CPU
		{A8813762-8999-481C-AD71-C7906C1CE93E}.Release|Any CPU.Build.0 = Release|Any CPU
	EndGlobalSection
	GlobalSection(SolutionProperties) = preSolution
		HideSolutionNode = FALSE
	EndGlobalSection
	GlobalSection(ExtensibilityGlobals) = postSolution
		SolutionGuid = {140E1ECE-911B-4866-9489-84A9C5666C7A}
	EndGlobalSection
EndGlobal
